
Microsoft Visual Studio Solution File, Format Version 12.00
Project("{FAE04EC0-301F-11D3-BF4B-00C04F79EFBC}") = "Umbraco.Commerce.Cart", "src\Umbraco.Commerce.Cart\Umbraco.Commerce.Cart.csproj", "{BB6B02C8-67AF-455E-94A8-E166B5BCD09D}"
EndProject
Global
	GlobalSection(SolutionConfigurationPlatforms) = preSolution
		Debug|Any CPU = Debug|Any CPU
		Release|Any CPU = Release|Any CPU
	EndGlobalSection
	GlobalSection(ProjectConfigurationPlatforms) = postSolution
		{BB6B02C8-67AF-455E-94A8-E166B5BCD09D}.Debug|Any CPU.ActiveCfg = Debug|Any CPU
		{BB6B02C8-67AF-455E-94A8-E166B5BCD09D}.Debug|Any CPU.Build.0 = Debug|Any CPU
		{BB6B02C8-67AF-455E-94A8-E166B5BCD09D}.Release|Any CPU.ActiveCfg = Release|Any CPU
		{BB6B02C8-67AF-455E-94A8-E166B5BCD09D}.Release|Any CPU.Build.0 = Release|Any CPU
	EndGlobalSection
EndGlobal
